
Microsoft Visual Studio Solution File, Format Version 12.00
# Visual Studio Version 17
VisualStudioVersion = 17.0.31912.275
MinimumVisualStudioVersion = 10.0.40219.1
Project("{FAE04EC0-301F-11D3-BF4B-00C04F79EFBC}") = "SubTest", "SubTest\SubTest.csproj", "{13DF8A67-E1A2-4566-B75C-857C88A8286F}"
EndProject
Global
	GlobalSection(SolutionConfigurationPlatforms) = preSolution
		Debug|Any CPU = Debug|Any CPU
		Release|Any CPU = Release|Any CPU
	EndGlobalSection
	GlobalSection(ProjectConfigurationPlatforms) = postSolution
		{13DF8A67-E1A2-4566-B75C-857C88A8286F}.Debug|Any CPU.ActiveCfg = Debug|Any CPU
		{13DF8A67-E1A2-4566-B75C-857C88A8286F}.Debug|Any CPU.Build.0 = Debug|Any CPU
		{13DF8A67-E1A2-4566-B75C-857C88A8286F}.Release|Any CPU.ActiveCfg = Release|Any CPU
		{13DF8A67-E1A2-4566-B75C-857C88A8286F}.Release|Any CPU.Build.0 = Release|Any CPU
	EndGlobalSection
	GlobalSection(SolutionProperties) = preSolution
		HideSolutionNode = FALSE
	EndGlobalSection
	GlobalSection(ExtensibilityGlobals) = postSolution
		SolutionGuid = {ECEB12F1-FD31-4916-BEF9-A34D412CEE7F}
	EndGlobalSection
EndGlobal
